<?xml version="1.0" encoding="UTF-8"?>
<CodeBlocks_project_file>
	<FileVersion major="1" minor="6"/>
	<Project>
		<Option title="Net"/>
		<Option makefile_is_custom="1"/>
		<Option compiler="gcc"/>
		<Option virtualFolders="CMake Files\;CMake Files\..\;CMake Files\..\Net\;CMake Files\..\shared_files\;CMake Files\..\shared_files\googletest\;CMake Files\..\shared_files\googletest\googlemock\;CMake Files\..\shared_files\googletest\googletest\;CMake Files\..\shared_files\googletest\googletest\cmake\;CMake Files\server\;CMake Files\server\game\;CMake Files\server\xml_make\;CMake Files\test\;"/>
		<Build>
			<Target title="all">
				<Option working_dir="/home/sergey/CLionProjects/TP_CPP_PROJECT/server_side/server/Net"/>
				<Option type="4"/>
				<MakeCommands>
					<Build command="/usr/bin/make -j4 -f &quot;/home/sergey/CLionProjects/TP_CPP_PROJECT/server_side/server/Net/Makefile&quot;  VERBOSE=1 all"/>
					<CompileFile command="/usr/bin/make -j4 -f &quot;/home/sergey/CLionProjects/TP_CPP_PROJECT/server_side/server/Net/Makefile&quot;  VERBOSE=1 &quot;$file&quot;"/>
					<Clean command="/usr/bin/make -j4 -f &quot;/home/sergey/CLionProjects/TP_CPP_PROJECT/server_side/server/Net/Makefile&quot;  VERBOSE=1 clean"/>
					<DistClean command="/usr/bin/make -j4 -f &quot;/home/sergey/CLionProjects/TP_CPP_PROJECT/server_side/server/Net/Makefile&quot;  VERBOSE=1 clean"/>
				</MakeCommands>
			</Target>
			<Target title="net_lib">
				<Option output="/home/sergey/CLionProjects/TP_CPP_PROJECT/server_side/server/Net/libnet_lib.a" prefix_auto="0" extension_auto="0"/>
				<Option working_dir="/home/sergey/CLionProjects/TP_CPP_PROJECT/server_side/server/Net"/>
				<Option object_output="./"/>
				<Option type="2"/>
				<Option compiler="gcc"/>
				<Compiler>
					<Add directory="/home/sergey/CLionProjects/TP_CPP_PROJECT/server_side/server/include"/>
					<Add directory="/home/sergey/CLionProjects/TP_CPP_PROJECT/server_side/server/../../shared_files/include"/>
					<Add directory="/home/sergey/CLionProjects/TP_CPP_PROJECT/server_side/server/../../Net/include"/>
					<Add directory="/home/sergey/CLionProjects/TP_CPP_PROJECT/server_side/server/.../../Net"/>
					<Add directory="/home/sergey/CLionProjects/TP_CPP_PROJECT/Net/Net"/>
					<Add directory="/home/sergey/CLionProjects/TP_CPP_PROJECT/Net/../shared_files"/>
					<Add directory="/home/sergey/CLionProjects/TP_CPP_PROJECT/shared_files/boost_1_67_0"/>
					<Add directory="/usr/include/c++/7"/>
					<Add directory="/usr/include/x86_64-linux-gnu/c++/7"/>
					<Add directory="/usr/include/c++/7/backward"/>
					<Add directory="/usr/lib/gcc/x86_64-linux-gnu/7/include"/>
					<Add directory="/usr/local/include"/>
					<Add directory="/usr/lib/gcc/x86_64-linux-gnu/7/include-fixed"/>
					<Add directory="/usr/include/x86_64-linux-gnu"/>
					<Add directory="/usr/include"/>
				</Compiler>
				<MakeCommands>
					<Build command="/usr/bin/make -j4 -f &quot;/home/sergey/CLionProjects/TP_CPP_PROJECT/server_side/server/Net/Makefile&quot;  VERBOSE=1 net_lib"/>
					<CompileFile command="/usr/bin/make -j4 -f &quot;/home/sergey/CLionProjects/TP_CPP_PROJECT/server_side/server/Net/Makefile&quot;  VERBOSE=1 &quot;$file&quot;"/>
					<Clean command="/usr/bin/make -j4 -f &quot;/home/sergey/CLionProjects/TP_CPP_PROJECT/server_side/server/Net/Makefile&quot;  VERBOSE=1 clean"/>
					<DistClean command="/usr/bin/make -j4 -f &quot;/home/sergey/CLionProjects/TP_CPP_PROJECT/server_side/server/Net/Makefile&quot;  VERBOSE=1 clean"/>
				</MakeCommands>
			</Target>
			<Target title="net_lib/fast">
				<Option output="/home/sergey/CLionProjects/TP_CPP_PROJECT/server_side/server/Net/libnet_lib.a" prefix_auto="0" extension_auto="0"/>
				<Option working_dir="/home/sergey/CLionProjects/TP_CPP_PROJECT/server_side/server/Net"/>
				<Option object_output="./"/>
				<Option type="2"/>
				<Option compiler="gcc"/>
				<Compiler>
					<Add directory="/home/sergey/CLionProjects/TP_CPP_PROJECT/server_side/server/include"/>
					<Add directory="/home/sergey/CLionProjects/TP_CPP_PROJECT/server_side/server/../../shared_files/include"/>
					<Add directory="/home/sergey/CLionProjects/TP_CPP_PROJECT/server_side/server/../../Net/include"/>
					<Add directory="/home/sergey/CLionProjects/TP_CPP_PROJECT/server_side/server/.../../Net"/>
					<Add directory="/home/sergey/CLionProjects/TP_CPP_PROJECT/Net/Net"/>
					<Add directory="/home/sergey/CLionProjects/TP_CPP_PROJECT/Net/../shared_files"/>
					<Add directory="/home/sergey/CLionProjects/TP_CPP_PROJECT/shared_files/boost_1_67_0"/>
					<Add directory="/usr/include/c++/7"/>
					<Add directory="/usr/include/x86_64-linux-gnu/c++/7"/>
					<Add directory="/usr/include/c++/7/backward"/>
					<Add directory="/usr/lib/gcc/x86_64-linux-gnu/7/include"/>
					<Add directory="/usr/local/include"/>
					<Add directory="/usr/lib/gcc/x86_64-linux-gnu/7/include-fixed"/>
					<Add directory="/usr/include/x86_64-linux-gnu"/>
					<Add directory="/usr/include"/>
				</Compiler>
				<MakeCommands>
					<Build command="/usr/bin/make -j4 -f &quot;/home/sergey/CLionProjects/TP_CPP_PROJECT/server_side/server/Net/Makefile&quot;  VERBOSE=1 net_lib/fast"/>
					<CompileFile command="/usr/bin/make -j4 -f &quot;/home/sergey/CLionProjects/TP_CPP_PROJECT/server_side/server/Net/Makefile&quot;  VERBOSE=1 &quot;$file&quot;"/>
					<Clean command="/usr/bin/make -j4 -f &quot;/home/sergey/CLionProjects/TP_CPP_PROJECT/server_side/server/Net/Makefile&quot;  VERBOSE=1 clean"/>
					<DistClean command="/usr/bin/make -j4 -f &quot;/home/sergey/CLionProjects/TP_CPP_PROJECT/server_side/server/Net/Makefile&quot;  VERBOSE=1 clean"/>
				</MakeCommands>
			</Target>
		</Build>
		<Unit filename="/home/sergey/CLionProjects/TP_CPP_PROJECT/Net/src/ClientNetObject.cpp">
			<Option target="net_lib"/>
		</Unit>
		<Unit filename="/home/sergey/CLionProjects/TP_CPP_PROJECT/Net/src/ClientNetObjectImpl.cpp">
			<Option target="net_lib"/>
		</Unit>
		<Unit filename="/home/sergey/CLionProjects/TP_CPP_PROJECT/Net/src/SerializationOperation.cpp">
			<Option target="net_lib"/>
		</Unit>
		<Unit filename="/home/sergey/CLionProjects/TP_CPP_PROJECT/Net/src/ServerNetObject.cpp">
			<Option target="net_lib"/>
		</Unit>
		<Unit filename="/home/sergey/CLionProjects/TP_CPP_PROJECT/Net/src/ServerNetObjectImpl.cpp">
			<Option target="net_lib"/>
		</Unit>
		<Unit filename="/home/sergey/CLionProjects/TP_CPP_PROJECT/Net/src/SubSock.cpp">
			<Option target="net_lib"/>
		</Unit>
		<Unit filename="/home/sergey/CLionProjects/TP_CPP_PROJECT/server_side/CMakeLists.txt">
			<Option virtualFolder="CMake Files\"/>
		</Unit>
		<Unit filename="/home/sergey/CLionProjects/TP_CPP_PROJECT/server_side/../Net/CMakeLists.txt">
			<Option virtualFolder="CMake Files\..\Net\"/>
		</Unit>
		<Unit filename="/home/sergey/CLionProjects/TP_CPP_PROJECT/server_side/../shared_files/googletest/googlemock/CMakeLists.txt">
			<Option virtualFolder="CMake Files\..\shared_files\googletest\googlemock\"/>
		</Unit>
		<Unit filename="/home/sergey/CLionProjects/TP_CPP_PROJECT/server_side/../shared_files/googletest/googletest/CMakeLists.txt">
			<Option virtualFolder="CMake Files\..\shared_files\googletest\googletest\"/>
		</Unit>
		<Unit filename="/home/sergey/CLionProjects/TP_CPP_PROJECT/server_side/../shared_files/googletest/googletest/cmake/internal_utils.cmake">
			<Option virtualFolder="CMake Files\..\shared_files\googletest\googletest\cmake\"/>
		</Unit>
		<Unit filename="/home/sergey/CLionProjects/TP_CPP_PROJECT/server_side/server/CMakeLists.txt">
			<Option virtualFolder="CMake Files\server\"/>
		</Unit>
		<Unit filename="/home/sergey/CLionProjects/TP_CPP_PROJECT/server_side/server/game/CMakeLists.txt">
			<Option virtualFolder="CMake Files\server\game\"/>
		</Unit>
		<Unit filename="/home/sergey/CLionProjects/TP_CPP_PROJECT/server_side/server/xml_make/CMakeLists.txt">
			<Option virtualFolder="CMake Files\server\xml_make\"/>
		</Unit>
		<Unit filename="/home/sergey/CLionProjects/TP_CPP_PROJECT/server_side/test/CMakeLists.txt">
			<Option virtualFolder="CMake Files\test\"/>
		</Unit>
	</Project>
</CodeBlocks_project_file>
